{
    __meta__ = {
        version = "1.0"
    },
    ["windows|x64"] = {
        ["boost#fc258380"] = {
            repo = {
                branch = "master",
                commit = "d2b67212b3504ab6cfa019a0bb8b8169f28f70ec",
                url = "https://github.com/xmake-io/xmake-repo.git"
            },
            version = "1.89.0"
        },
        ["clib#f56260b5"] = {
            repo = {
                branch = "master",
                commit = "d2b67212b3504ab6cfa019a0bb8b8169f28f70ec",
                url = "https://github.com/xmake-io/xmake-repo.git"
            },
            version = "2022.12.25"
        },
        ["cmake#f56260b5"] = {
            repo = {
                branch = "master",
                commit = "84eac85f8e5f0a00a72f426b486983a62612bb97",
                url = "https://gitlab.com/tboox/xmake-repo.git"
            },
            version = "3.26.0"
        },
        ["directxmath#f56260b5"] = {
            repo = {
                branch = "master",
                commit = "d2b67212b3504ab6cfa019a0bb8b8169f28f70ec",
                url = "https://gitlab.com/tboox/xmake-repo.git"
            },
            version = "2024.02"
        },
        ["directxtk#f56260b5"] = {
            repo = {
                branch = "master",
                commit = "d2b67212b3504ab6cfa019a0bb8b8169f28f70ec",
                url = "https://gitlab.com/tboox/xmake-repo.git"
            },
            version = "24.2.0"
        },
        ["freetype#f56260b5"] = {
            repo = {
                branch = "master",
                commit = "d2b67212b3504ab6cfa019a0bb8b8169f28f70ec",
                url = "https://github.com/xmake-io/xmake-repo.git"
            },
            version = "2.14.1"
        },
        ["imgui#395ba70f"] = {
            repo = {
                branch = "master",
                commit = "d2b67212b3504ab6cfa019a0bb8b8169f28f70ec",
                url = "https://github.com/xmake-io/xmake-repo.git"
            },
            version = "v1.92.1"
        },
        ["meson#f56260b5"] = {
            repo = {
                branch = "master",
                commit = "d2b67212b3504ab6cfa019a0bb8b8169f28f70ec",
                url = "https://github.com/xmake-io/xmake-repo.git"
            },
            version = "1.9.0"
        },
        ["ninja#f56260b5"] = {
            repo = {
                branch = "master",
                commit = "84eac85f8e5f0a00a72f426b486983a62612bb97",
                url = "https://gitlab.com/tboox/xmake-repo.git"
            },
            version = "1.11.1"
        },
        ["pkgconf#f56260b5"] = {
            repo = {
                branch = "master",
                commit = "d2b67212b3504ab6cfa019a0bb8b8169f28f70ec",
                url = "https://github.com/xmake-io/xmake-repo.git"
            },
            version = "2.5.1"
        },
        ["python 3.x#f56260b5"] = {
            repo = {
                branch = "master",
                commit = "d2b67212b3504ab6cfa019a0bb8b8169f28f70ec",
                url = "https://github.com/xmake-io/xmake-repo.git"
            },
            version = "3.10.6"
        },
        ["rapidcsv#f56260b5"] = {
            repo = {
                branch = "master",
                commit = "84eac85f8e5f0a00a72f426b486983a62612bb97",
                url = "https://gitlab.com/tboox/xmake-repo.git"
            },
            version = "v8.89"
        },
        ["spdlog#09c8c173"] = {
            repo = {
                branch = "master",
                commit = "da016bf271a4a37cd9e89cf772b0d3d730767843",
                url = "https://gitlab.com/tboox/xmake-repo.git"
            },
            version = "v1.15.3"
        },
        ["srell#f56260b5"] = {
            repo = {
                branch = "master",
                commit = "d2b67212b3504ab6cfa019a0bb8b8169f28f70ec",
                url = "https://github.com/xmake-io/xmake-repo.git"
            },
            version = "4.063"
        },
        ["xbyak#f56260b5"] = {
            repo = {
                branch = "master",
                commit = "d2b67212b3504ab6cfa019a0bb8b8169f28f70ec",
                url = "https://github.com/xmake-io/xmake-repo.git"
            },
            version = "v7.06"
        },
        ["zlib#f56260b5"] = {
            repo = {
                branch = "master",
                commit = "d2b67212b3504ab6cfa019a0bb8b8169f28f70ec",
                url = "https://github.com/xmake-io/xmake-repo.git"
            },
            version = "v1.3.1"
        }
    }
}